{
  "version": 4,
  "terraform_version": "0.12.24",
  "serial": 46,
  "lineage": "abfa299e-7267-4169-899d-a657be02ed6a",
  "outputs": {},
  "resources": [
    {
      "mode": "managed",
      "type": "digitalocean_droplet",
      "name": "dev",
      "provider": "provider.digitalocean",
      "instances": [
        {
          "status": "tainted",
          "schema_version": 1,
          "attributes": {
            "backups": true,
            "created_at": "2020-05-27T02:18:20Z",
            "disk": 80,
            "id": "193791169",
            "image": "ubuntu-20-04-x64",
            "ipv4_address": "159.89.154.177",
            "ipv4_address_private": "",
            "ipv6": true,
            "ipv6_address": "2604:a880:2:d0::20dd:8001",
            "ipv6_address_private": null,
            "locked": false,
            "memory": 4096,
            "monitoring": false,
            "name": "cloud-dev-desktop",
            "price_hourly": 0.02976,
            "price_monthly": 20,
            "private_networking": false,
            "region": "sfo2",
            "resize_disk": true,
            "size": "s-2vcpu-4gb",
            "ssh_keys": [
              "27507921"
            ],
            "status": "active",
            "tags": null,
            "urn": "do:droplet:193791169",
            "user_data": null,
            "vcpus": 2,
            "volume_ids": [],
            "vpc_uuid": ""
          },
          "private": "eyJzY2hlbWFfdmVyc2lvbiI6IjEifQ=="
        }
      ]
    },
    {
      "mode": "managed",
      "type": "digitalocean_firewall",
      "name": "dev",
      "provider": "provider.digitalocean",
      "instances": []
    }
  ]
}
